
Microsoft Visual Studio Solution File, Format Version 12.00
# Visual Studio Version 17
VisualStudioVersion = 17.0.31903.59
MinimumVisualStudioVersion = 10.0.40219.1
Project("{2150E333-8FDC-42A3-9474-1A3956D46DE8}") = "Registration", "Registration", "{3931C25C-50C0-4B87-A203-09D77126E7B0}"
EndProject
Project("{2150E333-8FDC-42A3-9474-1A3956D46DE8}") = "Store", "Store", "{B2E00393-F450-4D69-BAE5-BEEBF4761F53}"
EndProject
Project("{2150E333-8FDC-42A3-9474-1A3956D46DE8}") = "01-Api", "01-Api", "{AFBFA25A-65E7-4864-B8F9-60A61D48662D}"
EndProject
Project("{2150E333-8FDC-42A3-9474-1A3956D46DE8}") = "02-Application", "02-Application", "{74FACBA9-0FBF-4DB8-9162-84FCD3AD98A1}"
EndProject
Project("{2150E333-8FDC-42A3-9474-1A3956D46DE8}") = "03-Domain", "03-Domain", "{F5543910-7CDF-4A50-93AD-B6952CAF0AAF}"
EndProject
Project("{2150E333-8FDC-42A3-9474-1A3956D46DE8}") = "00-Messaging", "00-Messaging", "{0DF981B3-419F-4DBE-A861-62F53DB83160}"
EndProject
Project("{2150E333-8FDC-42A3-9474-1A3956D46DE8}") = "04-Infrastructure", "04-Infrastructure", "{2A7EE37D-26D0-4E8F-B90A-D10C8FB87252}"
EndProject
Project("{2150E333-8FDC-42A3-9474-1A3956D46DE8}") = "05-Common", "05-Common", "{B04651AF-E762-4DD0-BE27-54CFD849CB59}"
EndProject
Project("{FAE04EC0-301F-11D3-BF4B-00C04F79EFBC}") = "RedisExample.Registration.Messaging", "src\Registration\RedisExample.Registration.Messaging\RedisExample.Registration.Messaging.csproj", "{E66CC3B9-1F5C-4239-9979-5FC1C15929FA}"
EndProject
Project("{FAE04EC0-301F-11D3-BF4B-00C04F79EFBC}") = "RedisExample.Registration.WebApi", "src\Registration\RedisExample.Registration.WebApi\RedisExample.Registration.WebApi.csproj", "{0AF98BC4-DC48-4838-A464-5F200BAAA546}"
EndProject
Project("{FAE04EC0-301F-11D3-BF4B-00C04F79EFBC}") = "RedisExample.Registration.Application", "src\Registration\RedisExample.Registration.Application\RedisExample.Registration.Application.csproj", "{7DB90E46-6593-4EA2-8418-5D09DE58F39C}"
EndProject
Project("{FAE04EC0-301F-11D3-BF4B-00C04F79EFBC}") = "RedisExample.Registration.Domain", "src\Registration\RedisExample.Registration.Domain\RedisExample.Registration.Domain.csproj", "{7BE55B4F-D00C-4F0C-A10E-0751C543D7A3}"
EndProject
Project("{FAE04EC0-301F-11D3-BF4B-00C04F79EFBC}") = "RedisExample.Registration.CrossCutting", "src\Registration\RedisExample.Registration.CrossCutting\RedisExample.Registration.CrossCutting.csproj", "{CBD85793-15EC-421D-8704-62446C9E9E7F}"
EndProject
Project("{FAE04EC0-301F-11D3-BF4B-00C04F79EFBC}") = "RedisExample.Registration.Persistence", "src\Registration\RedisExample.Registration.Persistence\RedisExample.Registration.Persistence.csproj", "{695DD794-8900-4AC5-A0DD-135E7FEF55A1}"
EndProject
Project("{FAE04EC0-301F-11D3-BF4B-00C04F79EFBC}") = "RedisExample.Registration.Common", "src\Registration\RedisExample.Registration.Common\RedisExample.Registration.Common.csproj", "{DE563E1D-2F39-48AD-98CA-464698085FE2}"
EndProject
Global
	GlobalSection(SolutionConfigurationPlatforms) = preSolution
		Debug|Any CPU = Debug|Any CPU
		Release|Any CPU = Release|Any CPU
	EndGlobalSection
	GlobalSection(ProjectConfigurationPlatforms) = postSolution
		{E66CC3B9-1F5C-4239-9979-5FC1C15929FA}.Debug|Any CPU.ActiveCfg = Debug|Any CPU
		{E66CC3B9-1F5C-4239-9979-5FC1C15929FA}.Debug|Any CPU.Build.0 = Debug|Any CPU
		{E66CC3B9-1F5C-4239-9979-5FC1C15929FA}.Release|Any CPU.ActiveCfg = Release|Any CPU
		{E66CC3B9-1F5C-4239-9979-5FC1C15929FA}.Release|Any CPU.Build.0 = Release|Any CPU
		{0AF98BC4-DC48-4838-A464-5F200BAAA546}.Debug|Any CPU.ActiveCfg = Debug|Any CPU
		{0AF98BC4-DC48-4838-A464-5F200BAAA546}.Debug|Any CPU.Build.0 = Debug|Any CPU
		{0AF98BC4-DC48-4838-A464-5F200BAAA546}.Release|Any CPU.ActiveCfg = Release|Any CPU
		{0AF98BC4-DC48-4838-A464-5F200BAAA546}.Release|Any CPU.Build.0 = Release|Any CPU
		{7DB90E46-6593-4EA2-8418-5D09DE58F39C}.Debug|Any CPU.ActiveCfg = Debug|Any CPU
		{7DB90E46-6593-4EA2-8418-5D09DE58F39C}.Debug|Any CPU.Build.0 = Debug|Any CPU
		{7DB90E46-6593-4EA2-8418-5D09DE58F39C}.Release|Any CPU.ActiveCfg = Release|Any CPU
		{7DB90E46-6593-4EA2-8418-5D09DE58F39C}.Release|Any CPU.Build.0 = Release|Any CPU
		{7BE55B4F-D00C-4F0C-A10E-0751C543D7A3}.Debug|Any CPU.ActiveCfg = Debug|Any CPU
		{7BE55B4F-D00C-4F0C-A10E-0751C543D7A3}.Debug|Any CPU.Build.0 = Debug|Any CPU
		{7BE55B4F-D00C-4F0C-A10E-0751C543D7A3}.Release|Any CPU.ActiveCfg = Release|Any CPU
		{7BE55B4F-D00C-4F0C-A10E-0751C543D7A3}.Release|Any CPU.Build.0 = Release|Any CPU
		{CBD85793-15EC-421D-8704-62446C9E9E7F}.Debug|Any CPU.ActiveCfg = Debug|Any CPU
		{CBD85793-15EC-421D-8704-62446C9E9E7F}.Debug|Any CPU.Build.0 = Debug|Any CPU
		{CBD85793-15EC-421D-8704-62446C9E9E7F}.Release|Any CPU.ActiveCfg = Release|Any CPU
		{CBD85793-15EC-421D-8704-62446C9E9E7F}.Release|Any CPU.Build.0 = Release|Any CPU
		{695DD794-8900-4AC5-A0DD-135E7FEF55A1}.Debug|Any CPU.ActiveCfg = Debug|Any CPU
		{695DD794-8900-4AC5-A0DD-135E7FEF55A1}.Debug|Any CPU.Build.0 = Debug|Any CPU
		{695DD794-8900-4AC5-A0DD-135E7FEF55A1}.Release|Any CPU.ActiveCfg = Release|Any CPU
		{695DD794-8900-4AC5-A0DD-135E7FEF55A1}.Release|Any CPU.Build.0 = Release|Any CPU
		{DE563E1D-2F39-48AD-98CA-464698085FE2}.Debug|Any CPU.ActiveCfg = Debug|Any CPU
		{DE563E1D-2F39-48AD-98CA-464698085FE2}.Debug|Any CPU.Build.0 = Debug|Any CPU
		{DE563E1D-2F39-48AD-98CA-464698085FE2}.Release|Any CPU.ActiveCfg = Release|Any CPU
		{DE563E1D-2F39-48AD-98CA-464698085FE2}.Release|Any CPU.Build.0 = Release|Any CPU
	EndGlobalSection
	GlobalSection(SolutionProperties) = preSolution
		HideSolutionNode = FALSE
	EndGlobalSection
	GlobalSection(NestedProjects) = preSolution
		{AFBFA25A-65E7-4864-B8F9-60A61D48662D} = {3931C25C-50C0-4B87-A203-09D77126E7B0}
		{74FACBA9-0FBF-4DB8-9162-84FCD3AD98A1} = {3931C25C-50C0-4B87-A203-09D77126E7B0}
		{F5543910-7CDF-4A50-93AD-B6952CAF0AAF} = {3931C25C-50C0-4B87-A203-09D77126E7B0}
		{0DF981B3-419F-4DBE-A861-62F53DB83160} = {3931C25C-50C0-4B87-A203-09D77126E7B0}
		{2A7EE37D-26D0-4E8F-B90A-D10C8FB87252} = {3931C25C-50C0-4B87-A203-09D77126E7B0}
		{B04651AF-E762-4DD0-BE27-54CFD849CB59} = {3931C25C-50C0-4B87-A203-09D77126E7B0}
		{E66CC3B9-1F5C-4239-9979-5FC1C15929FA} = {0DF981B3-419F-4DBE-A861-62F53DB83160}
		{0AF98BC4-DC48-4838-A464-5F200BAAA546} = {AFBFA25A-65E7-4864-B8F9-60A61D48662D}
		{7DB90E46-6593-4EA2-8418-5D09DE58F39C} = {74FACBA9-0FBF-4DB8-9162-84FCD3AD98A1}
		{7BE55B4F-D00C-4F0C-A10E-0751C543D7A3} = {F5543910-7CDF-4A50-93AD-B6952CAF0AAF}
		{CBD85793-15EC-421D-8704-62446C9E9E7F} = {2A7EE37D-26D0-4E8F-B90A-D10C8FB87252}
		{695DD794-8900-4AC5-A0DD-135E7FEF55A1} = {2A7EE37D-26D0-4E8F-B90A-D10C8FB87252}
		{DE563E1D-2F39-48AD-98CA-464698085FE2} = {B04651AF-E762-4DD0-BE27-54CFD849CB59}
	EndGlobalSection
	GlobalSection(ExtensibilityGlobals) = postSolution
		SolutionGuid = {AAAAA92A-2DE5-4F80-AD2D-AD50D6E1994E}
	EndGlobalSection
EndGlobal
